
Microsoft Visual Studio Solution File, Format Version 12.00
# Visual Studio Version 16
VisualStudioVersion = 16.0.29306.81
MinimumVisualStudioVersion = 10.0.40219.1
Project("{9A19103F-16F7-4668-BE54-9A1E7A4F7556}") = "KeePark", "KeePark\KeePark.csproj", "{88DC501E-85CD-4D29-A9DD-00148A01260A}"
EndProject
Global
	GlobalSection(SolutionConfigurationPlatforms) = preSolution
		Debug|Any CPU = Debug|Any CPU
		Release|Any CPU = Release|Any CPU
	EndGlobalSection
	GlobalSection(ProjectConfigurationPlatforms) = postSolution
		{88DC501E-85CD-4D29-A9DD-00148A01260A}.Debug|Any CPU.ActiveCfg = Debug|Any CPU
		{88DC501E-85CD-4D29-A9DD-00148A01260A}.Debug|Any CPU.Build.0 = Debug|Any CPU
		{88DC501E-85CD-4D29-A9DD-00148A01260A}.Release|Any CPU.ActiveCfg = Release|Any CPU
		{88DC501E-85CD-4D29-A9DD-00148A01260A}.Release|Any CPU.Build.0 = Release|Any CPU
	EndGlobalSection
	GlobalSection(SolutionProperties) = preSolution
		HideSolutionNode = FALSE
	EndGlobalSection
	GlobalSection(ExtensibilityGlobals) = postSolution
		SolutionGuid = {F6CD9470-D4EC-4F1B-815F-B85DFD50B9D6}
	EndGlobalSection
EndGlobal
